// !$*UTF8*$!
{
	archiveVersion = 1;
	classes = {
	};
	objectVersion = 46;
	objects = {

/* Begin PBXBuildFile section */
		45382C3F1E80B90E00541061 /* AppDelegate.swift in Sources */ = {isa = PBXBuildFile; fileRef = 45382C3E1E80B90E00541061 /* AppDelegate.swift */; };
		45382C411E80B90E00541061 /* ViewController.swift in Sources */ = {isa = PBXBuildFile; fileRef = 45382C401E80B90E00541061 /* ViewController.swift */; };
		45382C441E80B90E00541061 /* Main.storyboard in Resources */ = {isa = PBXBuildFile; fileRef = 45382C421E80B90E00541061 /* Main.storyboard */; };
		45382C461E80B90E00541061 /* Assets.xcassets in Resources */ = {isa = PBXBuildFile; fileRef = 45382C451E80B90E00541061 /* Assets.xcassets */; };
		45382C491E80B90E00541061 /* LaunchScreen.storyboard in Resources */ = {isa = PBXBuildFile; fileRef = 45382C471E80B90E00541061 /* LaunchScreen.storyboard */; };
		45382C521E80B93200541061 /* ModalView.swift in Sources */ = {isa = PBXBuildFile; fileRef = 45382C511E80B93200541061 /* ModalView.swift */; };
/* End PBXBuildFile section */

/* Begin PBXFileReference section */
		45382C3B1E80B90E00541061 /* ModalView.app */ = {isa = PBXFileReference; explicitFileType = wrapper.application; includeInIndex = 0; path = ModalView.app; sourceTree = BUILT_PRODUCTS_DIR; };
		45382C3E1E80B90E00541061 /* AppDelegate.swift */ = {isa = PBXFileReference; lastKnownFileType = sourcecode.swift; path = AppDelegate.swift; sourceTree = "<group>"; };
		45382C401E80B90E00541061 /* ViewController.swift */ = {isa = PBXFileReference; lastKnownFileType = sourcecode.swift; path = ViewController.swift; sourceTree = "<group>"; };
		45382C431E80B90E00541061 /* Base */ = {isa = PBXFileReference; lastKnownFileType = file.storyboard; name = Base; path = Base.lproj/Main.storyboard; sourceTree = "<group>"; };
		45382C451E80B90E00541061 /* Assets.xcassets */ = {isa = PBXFileReference; lastKnownFileType = folder.assetcatalog; path = Assets.xcassets; sourceTree = "<group>"; };
		45382C481E80B90E00541061 /* Base */ = {isa = PBXFileReference; lastKnownFileType = file.storyboard; name = Base; path = Base.lproj/LaunchScreen.storyboard; sourceTree = "<group>"; };
		45382C4A1E80B90E00541061 /* Info.plist */ = {isa = PBXFileReference; lastKnownFileType = text.plist.xml; path = Info.plist; sourceTree = "<group>"; };
		45382C511E80B93200541061 /* ModalView.swift */ = {isa = PBXFileReference; fileEncoding = 4; lastKnownFileType = sourcecode.swift; path = ModalView.swift; sourceTree = "<group>"; };
/* End PBXFileReference section */

/* Begin PBXFrameworksBuildPhase section */
		45382C381E80B90E00541061 /* Frameworks */ = {
			isa = PBXFrameworksBuildPhase;
			buildActionMask = 2147483647;
			files = (
			);
			runOnlyForDeploymentPostprocessing = 0;
		};
/* End PBXFrameworksBuildPhase section */

/* Begin PBXGroup section */
		45382C321E80B90E00541061 = {
			isa = PBXGroup;
			children = (
				45382C3D1E80B90E00541061 /* ModalView */,
				45382C3C1E80B90E00541061 /* Products */,
			);
			sourceTree = "<group>";
		};
		45382C3C1E80B90E00541061 /* Products */ = {
			isa = PBXGroup;
			children = (
				45382C3B1E80B90E00541061 /* ModalView.app */,
			);
			name = Products;
			sourceTree = "<group>";
		};
		45382C3D1E80B90E00541061 /* ModalView */ = {
			isa = PBXGroup;
			children = (
				45382C501E80B92A00541061 /* Views */,
				45382C3E1E80B90E00541061 /* AppDelegate.swift */,
				45382C401E80B90E00541061 /* ViewController.swift */,
				45382C421E80B90E00541061 /* Main.storyboard */,
				45382C451E80B90E00541061 /* Assets.xcassets */,
				45382C471E80B90E00541061 /* LaunchScreen.storyboard */,
				45382C4A1E80B90E00541061 /* Info.plist */,
			);
			path = ModalView;
			sourceTree = "<group>";
		};
		45382C501E80B92A00541061 /* Views */ = {
			isa = PBXGroup;
			children = (
				45382C511E80B93200541061 /* ModalView.swift */,
			);
			name = Views;
			sourceTree = "<group>";
		};
/* End PBXGroup section */

/* Begin PBXNativeTarget section */
		45382C3A1E80B90E00541061 /* ModalView */ = {
			isa = PBXNativeTarget;
			buildConfigurationList = 45382C4D1E80B90E00541061 /* Build configuration list for PBXNativeTarget "ModalView" */;
			buildPhases = (
				45382C371E80B90E00541061 /* Sources */,
				45382C381E80B90E00541061 /* Frameworks */,
				45382C391E80B90E00541061 /* Resources */,
			);
			buildRules = (
			);
			dependencies = (
			);
			name = ModalView;
			productName = ModalView;
			productReference = 45382C3B1E80B90E00541061 /* ModalView.app */;
			productType = "com.apple.product-type.application";
		};
/* End PBXNativeTarget section */

/* Begin PBXProject section */
		45382C331E80B90E00541061 /* Project object */ = {
			isa = PBXProject;
			attributes = {
				LastSwiftUpdateCheck = 0820;
				LastUpgradeCheck = 0820;
				ORGANIZATIONNAME = "Joe Gesualdo";
				TargetAttributes = {
					45382C3A1E80B90E00541061 = {
						CreatedOnToolsVersion = 8.2.1;
						ProvisioningStyle = Automatic;
					};
				};
			};
			buildConfigurationList = 45382C361E80B90E00541061 /* Build configuration list for PBXProject "ModalView" */;
			compatibilityVersion = "Xcode 3.2";
			developmentRegion = English;
			hasScannedForEncodings = 0;
			knownRegions = (
				en,
				Base,
			);
			mainGroup = 45382C321E80B90E00541061;
			productRefGroup = 45382C3C1E80B90E00541061 /* Products */;
			projectDirPath = "";
			projectRoot = "";
			targets = (
				45382C3A1E80B90E00541061 /* ModalView */,
			);
		};
/* End PBXProject section */

/* Begin PBXResourcesBuildPhase section */
		45382C391E80B90E00541061 /* Resources */ = {
			isa = PBXResourcesBuildPhase;
			buildActionMask = 2147483647;
			files = (
				45382C491E80B90E00541061 /* LaunchScreen.storyboard in Resources */,
				45382C461E80B90E00541061 /* Assets.xcassets in Resources */,
				45382C441E80B90E00541061 /* Main.storyboard in Resources */,
			);
			runOnlyForDeploymentPostprocessing = 0;
		};
/* End PBXResourcesBuildPhase section */

/* Begin PBXSourcesBuildPhase section */
		45382C371E80B90E00541061 /* Sources */ = {
			isa = PBXSourcesBuildPhase;
			buildActionMask = 2147483647;
			files = (
				45382C411E80B90E00541061 /* ViewController.swift in Sources */,
				45382C521E80B93200541061 /* ModalView.swift in Sources */,
				45382C3F1E80B90E00541061 /* AppDelegate.swift in Sources */,
			);
			runOnlyForDeploymentPostprocessing = 0;
		};
/* End PBXSourcesBuildPhase section */

/* Begin PBXVariantGroup section */
		45382C421E80B90E00541061 /* Main.storyboard */ = {
			isa = PBXVariantGroup;
			children = (
				45382C431E80B90E00541061 /* Base */,
			);
			name = Main.storyboard;
			sourceTree = "<group>";
		};
		45382C471E80B90E00541061 /* LaunchScreen.storyboard */ = {
			isa = PBXVariantGroup;
			children = (
				45382C481E80B90E00541061 /* Base */,
			);
			name = LaunchScreen.storyboard;
			sourceTree = "<group>";
		};
/* End PBXVariantGroup section */

/* Begin XCBuildConfiguration section */
		45382C4B1E80B90E00541061 /* Debug */ = {
			isa = XCBuildConfiguration;
			buildSettings = {
				ALWAYS_SEARCH_USER_PATHS = NO;
				CLANG_ANALYZER_NONNULL = YES;
				CLANG_CXX_LANGUAGE_STANDARD = "gnu++0x";
				CLANG_CXX_LIBRARY = "libc++";
				CLANG_ENABLE_MODULES = YES;
				CLANG_ENABLE_OBJC_ARC = YES;
				CLANG_WARN_BOOL_CONVERSION = YES;
				CLANG_WARN_CONSTANT_CONVERSION = YES;
				CLANG_WARN_DIRECT_OBJC_ISA_USAGE = YES_ERROR;
				CLANG_WARN_DOCUMENTATION_COMMENTS = YES;
				CLANG_WARN_EMPTY_BODY = YES;
				CLANG_WARN_ENUM_CONVERSION = YES;
				CLANG_WARN_INFINITE_RECURSION = YES;
				CLANG_WARN_INT_CONVERSION = YES;
				CLANG_WARN_OBJC_ROOT_CLASS = YES_ERROR;
				CLANG_WARN_SUSPICIOUS_MOVE = YES;
				CLANG_WARN_UNREACHABLE_CODE = YES;
				CLANG_WARN__DUPLICATE_METHOD_MATCH = YES;
				"CODE_SIGN_IDENTITY[sdk=iphoneos*]" = "iPhone Developer";
				COPY_PHASE_STRIP = NO;
				DEBUG_INFORMATION_FORMAT = dwarf;
				ENABLE_STRICT_OBJC_MSGSEND = YES;
				ENABLE_TESTABILITY = YES;
				GCC_C_LANGUAGE_STANDARD = gnu99;
				GCC_DYNAMIC_NO_PIC = NO;
				GCC_NO_COMMON_BLOCKS = YES;
				GCC_OPTIMIZATION_LEVEL = 0;
				GCC_PREPROCESSOR_DEFINITIONS = (
					"DEBUG=1",
					"$(inherited)",
				);
				GCC_WARN_64_TO_32_BIT_CONVERSION = YES;
				GCC_WARN_ABOUT_RETURN_TYPE = YES_ERROR;
				GCC_WARN_UNDECLARED_SELECTOR = YES;
				GCC_WARN_UNINITIALIZED_AUTOS = YES_AGGRESSIVE;
				GCC_WARN_UNUSED_FUNCTION = YES;
				GCC_WARN_UNUSED_VARIABLE = YES;
				IPHONEOS_DEPLOYMENT_TARGET = 10.2;
				MTL_ENABLE_DEBUG_INFO = YES;
				ONLY_ACTIVE_ARCH = YES;
				SDKROOT = iphoneos;
				SWIFT_ACTIVE_COMPILATION_CONDITIONS = DEBUG;
				SWIFT_OPTIMIZATION_LEVEL = "-Onone";
				TARGETED_DEVICE_FAMILY = "1,2";
			};
			name = Debug;
		};
		45382C4C1E80B90E00541061 /* Release */ = {
			isa = XCBuildConfiguration;
			buildSettings = {
				ALWAYS_SEARCH_USER_PATHS = NO;
				CLANG_ANALYZER_NONNULL = YES;
				CLANG_CXX_LANGUAGE_STANDARD = "gnu++0x";
				CLANG_CXX_LIBRARY = "libc++";
				CLANG_ENABLE_MODULES = YES;
				CLANG_ENABLE_OBJC_ARC = YES;
				CLANG_WARN_BOOL_CONVERSION = YES;
				CLANG_WARN_CONSTANT_CONVERSION = YES;
				CLANG_WARN_DIRECT_OBJC_ISA_USAGE = YES_ERROR;
				CLANG_WARN_DOCUMENTATION_COMMENTS = YES;
				CLANG_WARN_EMPTY_BODY = YES;
				CLANG_WARN_ENUM_CONVERSION = YES;
				CLANG_WARN_INFINITE_RECURSION = YES;
				CLANG_WARN_INT_CONVERSION = YES;
				CLANG_WARN_OBJC_ROOT_CLASS = YES_ERROR;
				CLANG_WARN_SUSPICIOUS_MOVE = YES;
				CLANG_WARN_UNREACHABLE_CODE = YES;
				CLANG_WARN__DUPLICATE_METHOD_MATCH = YES;
				"CODE_SIGN_IDENTITY[sdk=iphoneos*]" = "iPhone Developer";
				COPY_PHASE_STRIP = NO;
				DEBUG_INFORMATION_FORMAT = "dwarf-with-dsym";
				ENABLE_NS_ASSERTIONS = NO;
				ENABLE_STRICT_OBJC_MSGSEND = YES;
				GCC_C_LANGUAGE_STANDARD = gnu99;
				GCC_NO_COMMON_BLOCKS = YES;
				GCC_WARN_64_TO_32_BIT_CONVERSION = YES;
				GCC_WARN_ABOUT_RETURN_TYPE = YES_ERROR;
				GCC_WARN_UNDECLARED_SELECTOR = YES;
				GCC_WARN_UNINITIALIZED_AUTOS = YES_AGGRESSIVE;
				GCC_WARN_UNUSED_FUNCTION = YES;
				GCC_WARN_UNUSED_VARIABLE = YES;
				IPHONEOS_DEPLOYMENT_TARGET = 10.2;
				MTL_ENABLE_DEBUG_INFO = NO;
				SDKROOT = iphoneos;
				SWIFT_OPTIMIZATION_LEVEL = "-Owholemodule";
				TARGETED_DEVICE_FAMILY = "1,2";
				VALIDATE_PRODUCT = YES;
			};
			name = Release;
		};
		45382C4E1E80B90E00541061 /* Debug */ = {
			isa = XCBuildConfiguration;
			buildSettings = {
				ASSETCATALOG_COMPILER_APPICON_NAME = AppIcon;
				INFOPLIST_FILE = ModalView/Info.plist;
				LD_RUNPATH_SEARCH_PATHS = "$(inherited) @executable_path/Frameworks";
				PRODUCT_BUNDLE_IDENTIFIER = com.joegesualdo.ModalView;
				PRODUCT_NAME = "$(TARGET_NAME)";
				SWIFT_VERSION = 3.0;
			};
			name = Debug;
		};
		45382C4F1E80B90E00541061 /* Release */ = {
			isa = XCBuildConfiguration;
			buildSettings = {
				ASSETCATALOG_COMPILER_APPICON_NAME = AppIcon;
				INFOPLIST_FILE = ModalView/Info.plist;
				LD_RUNPATH_SEARCH_PATHS = "$(inherited) @executable_path/Frameworks";
				PRODUCT_BUNDLE_IDENTIFIER = com.joegesualdo.ModalView;
				PRODUCT_NAME = "$(TARGET_NAME)";
				SWIFT_VERSION = 3.0;
			};
			name = Release;
		};
/* End XCBuildConfiguration section */

/* Begin XCConfigurationList section */
		45382C361E80B90E00541061 /* Build configuration list for PBXProject "ModalView" */ = {
			isa = XCConfigurationList;
			buildConfigurations = (
				45382C4B1E80B90E00541061 /* Debug */,
				45382C4C1E80B90E00541061 /* Release */,
			);
			defaultConfigurationIsVisible = 0;
			defaultConfigurationName = Release;
		};
		45382C4D1E80B90E00541061 /* Build configuration list for PBXNativeTarget "ModalView" */ = {
			isa = XCConfigurationList;
			buildConfigurations = (
				45382C4E1E80B90E00541061 /* Debug */,
				45382C4F1E80B90E00541061 /* Release */,
			);
			defaultConfigurationIsVisible = 0;
		};
/* End XCConfigurationList section */
	};
	rootObject = 45382C331E80B90E00541061 /* Project object */;
}
